{
  "name": "qlik-script-parser",
  "version": "0.1.0",
  "lockfileVersion": 2,
  "requires": true,
  "packages": {
    "": {
      "name": "qlik-script-parser",
      "version": "0.1.0",
      "license": "MIT",
      "dependencies": {
        "peggy": "^3.0.1"
      }
    },
    "node_modules/commander": {
      "version": "10.0.0",
      "resolved": "https://registry.npmjs.org/commander/-/commander-10.0.0.tgz",
      "integrity": "sha512-zS5PnTI22FIRM6ylNW8G4Ap0IEOyk62fhLSD0+uHRT9McRCLGpkVNvao4bjimpK/GShynyQkFFxHhwMcETmduA==",
      "engines": {
        "node": ">=14"
      }
    },
    "node_modules/peggy": {
      "version": "3.0.1",
      "resolved": "https://registry.npmjs.org/peggy/-/peggy-3.0.1.tgz",
      "integrity": "sha512-opG0pnfH5ZQvlqz8Ozmk1SvIer9Rz6op0nDSkVQ4kQnVL0+KOKtIocoidxOgpLoS82r+ZW8J16FjhL3rhH/MpA==",
      "dependencies": {
        "commander": "^10.0.0",
        "source-map-generator": "0.8.0"
      },
      "bin": {
        "peggy": "bin/peggy.js"
      },
      "engines": {
        "node": ">=14"
      }
    },
    "node_modules/source-map-generator": {
      "version": "0.8.0",
      "resolved": "https://registry.npmjs.org/source-map-generator/-/source-map-generator-0.8.0.tgz",
      "integrity": "sha512-psgxdGMwl5MZM9S3FWee4EgsEaIjahYV5AzGnwUvPhWeITz/j6rKpysQHlQ4USdxvINlb8lKfWGIXwfkrgtqkA==",
      "engines": {
        "node": ">= 10"
      }
    }
  },
  "dependencies": {
    "commander": {
      "version": "10.0.0",
      "resolved": "https://registry.npmjs.org/commander/-/commander-10.0.0.tgz",
      "integrity": "sha512-zS5PnTI22FIRM6ylNW8G4Ap0IEOyk62fhLSD0+uHRT9McRCLGpkVNvao4bjimpK/GShynyQkFFxHhwMcETmduA=="
    },
    "peggy": {
      "version": "3.0.1",
      "resolved": "https://registry.npmjs.org/peggy/-/peggy-3.0.1.tgz",
      "integrity": "sha512-opG0pnfH5ZQvlqz8Ozmk1SvIer9Rz6op0nDSkVQ4kQnVL0+KOKtIocoidxOgpLoS82r+ZW8J16FjhL3rhH/MpA==",
      "requires": {
        "commander": "^10.0.0",
        "source-map-generator": "0.8.0"
      }
    },
    "source-map-generator": {
      "version": "0.8.0",
      "resolved": "https://registry.npmjs.org/source-map-generator/-/source-map-generator-0.8.0.tgz",
      "integrity": "sha512-psgxdGMwl5MZM9S3FWee4EgsEaIjahYV5AzGnwUvPhWeITz/j6rKpysQHlQ4USdxvINlb8lKfWGIXwfkrgtqkA=="
    }
  }
}
