{
  "name": "qlik-script-parser",
  "version": "0.0.2",
  "lockfileVersion": 1,
  "requires": true,
  "dependencies": {
    "pegjs": {
      "version": "0.10.0",
      "resolved": "https://registry.npmjs.org/pegjs/-/pegjs-0.10.0.tgz",
      "integrity": "sha1-z4uvrm7d/0tafvsYUmnqr0YQ3b0="
    },
    "pegjs-backtrace": {
      "version": "0.2.0",
      "resolved": "https://registry.npmjs.org/pegjs-backtrace/-/pegjs-backtrace-0.2.0.tgz",
      "integrity": "sha512-wWczRCecnPlAdSc6Sfqb+3RY89Rhfcxud6+45tuN6f2BNJDd0vQaHIC4TggdlLfMrlhhy37MhznV+Axj2k7xyQ=="
    }
  }
}
